
Microsoft Visual Studio Solution File, Format Version 12.00
# Visual Studio Version 16
VisualStudioVersion = 16.0.30320.27
MinimumVisualStudioVersion = 10.0.40219.1
Project("{FAE04EC0-301F-11D3-BF4B-00C04F79EFBC}") = "Person.API", "Person.API\Person.API.csproj", "{5227919E-6157-43ED-AAD0-B4DBF9B168CE}"
EndProject
Project("{FAE04EC0-301F-11D3-BF4B-00C04F79EFBC}") = "Person.UI", "Person.UI\Person.UI.csproj", "{59D2D13E-0FE2-4E99-8EAF-0FDB03E27CB9}"
EndProject
Global
	GlobalSection(SolutionConfigurationPlatforms) = preSolution
		Debug|Any CPU = Debug|Any CPU
		Release|Any CPU = Release|Any CPU
	EndGlobalSection
	GlobalSection(ProjectConfigurationPlatforms) = postSolution
		{5227919E-6157-43ED-AAD0-B4DBF9B168CE}.Debug|Any CPU.ActiveCfg = Debug|Any CPU
		{5227919E-6157-43ED-AAD0-B4DBF9B168CE}.Debug|Any CPU.Build.0 = Debug|Any CPU
		{5227919E-6157-43ED-AAD0-B4DBF9B168CE}.Release|Any CPU.ActiveCfg = Release|Any CPU
		{5227919E-6157-43ED-AAD0-B4DBF9B168CE}.Release|Any CPU.Build.0 = Release|Any CPU
		{59D2D13E-0FE2-4E99-8EAF-0FDB03E27CB9}.Debug|Any CPU.ActiveCfg = Debug|Any CPU
		{59D2D13E-0FE2-4E99-8EAF-0FDB03E27CB9}.Debug|Any CPU.Build.0 = Debug|Any CPU
		{59D2D13E-0FE2-4E99-8EAF-0FDB03E27CB9}.Release|Any CPU.ActiveCfg = Release|Any CPU
		{59D2D13E-0FE2-4E99-8EAF-0FDB03E27CB9}.Release|Any CPU.Build.0 = Release|Any CPU
	EndGlobalSection
	GlobalSection(SolutionProperties) = preSolution
		HideSolutionNode = FALSE
	EndGlobalSection
	GlobalSection(ExtensibilityGlobals) = postSolution
		SolutionGuid = {407C6D73-7A0B-42D7-91DA-DB50B7CB8D34}
	EndGlobalSection
EndGlobal
